
Microsoft Visual Studio Solution File, Format Version 12.00
# Visual Studio Version 17
VisualStudioVersion = 17.11.35208.52
MinimumVisualStudioVersion = 10.0.40219.1
Project("{FAE04EC0-301F-11D3-BF4B-00C04F79EFBC}") = "DataSourceDemo", "DataSourceDemo\DataSourceDemo.csproj", "{450E27A4-7C84-4732-B50B-700AD12DA5E1}"
EndProject
Global
	GlobalSection(SolutionConfigurationPlatforms) = preSolution
		Debug|Any CPU = Debug|Any CPU
		Release|Any CPU = Release|Any CPU
	EndGlobalSection
	GlobalSection(ProjectConfigurationPlatforms) = postSolution
		{450E27A4-7C84-4732-B50B-700AD12DA5E1}.Debug|Any CPU.ActiveCfg = Debug|Any CPU
		{450E27A4-7C84-4732-B50B-700AD12DA5E1}.Debug|Any CPU.Build.0 = Debug|Any CPU
		{450E27A4-7C84-4732-B50B-700AD12DA5E1}.Release|Any CPU.ActiveCfg = Release|Any CPU
		{450E27A4-7C84-4732-B50B-700AD12DA5E1}.Release|Any CPU.Build.0 = Release|Any CPU
	EndGlobalSection
	GlobalSection(SolutionProperties) = preSolution
		HideSolutionNode = FALSE
	EndGlobalSection
	GlobalSection(ExtensibilityGlobals) = postSolution
		SolutionGuid = {5A2B8790-B572-476A-AA24-C1145110953D}
	EndGlobalSection
EndGlobal
